// !$*UTF8*$!
{
	archiveVersion = 1;
	classes = {
	};
	objectVersion = 55;
	objects = {

/* Begin PBXBuildFile section */
		D00E146A27CE48F200DCABB3 /* HomeViewModel.swift in Sources */ = {isa = PBXBuildFile; fileRef = D00E146927CE48F200DCABB3 /* HomeViewModel.swift */; };
		D00E146C27CE493900DCABB3 /* Global.swift in Sources */ = {isa = PBXBuildFile; fileRef = D00E146B27CE493900DCABB3 /* Global.swift */; };
		D00E146E27CE951800DCABB3 /* CoinDetailViewModel.swift in Sources */ = {isa = PBXBuildFile; fileRef = D00E146D27CE951800DCABB3 /* CoinDetailViewModel.swift */; };
		D00E147027CE9E3300DCABB3 /* CoinMarketData.swift in Sources */ = {isa = PBXBuildFile; fileRef = D00E146F27CE9E3300DCABB3 /* CoinMarketData.swift */; };
		D01FB5EC27D912B6004300AB /* BackgroundBlob.swift in Sources */ = {isa = PBXBuildFile; fileRef = D01FB5EB27D912B6004300AB /* BackgroundBlob.swift */; };
		D01FB5EE27D92469004300AB /* Currency.swift in Sources */ = {isa = PBXBuildFile; fileRef = D01FB5ED27D92469004300AB /* Currency.swift */; };
		D01FB5F027D930BE004300AB /* SettingsViewModel.swift in Sources */ = {isa = PBXBuildFile; fileRef = D01FB5EF27D930BE004300AB /* SettingsViewModel.swift */; };
		D01FB5F327DA2056004300AB /* Helpers.swift in Sources */ = {isa = PBXBuildFile; fileRef = D01FB5F227DA2056004300AB /* Helpers.swift */; };
		D02BFD9827CD245B00B8558D /* CoinView.swift in Sources */ = {isa = PBXBuildFile; fileRef = D02BFD9727CD245B00B8558D /* CoinView.swift */; };
		D02BFD9A27CD264200B8558D /* SearchListView.swift in Sources */ = {isa = PBXBuildFile; fileRef = D02BFD9927CD264200B8558D /* SearchListView.swift */; };
		D02BFD9C27CD38C200B8558D /* CoinDetailView.swift in Sources */ = {isa = PBXBuildFile; fileRef = D02BFD9B27CD38C200B8558D /* CoinDetailView.swift */; };
		D033B92F27D7AFF80002C4E4 /* ViewExt.swift in Sources */ = {isa = PBXBuildFile; fileRef = D033B92E27D7AFF80002C4E4 /* ViewExt.swift */; };
		D03DEFCF27DA45C900AC4A2D /* CenterViewStyle.swift in Sources */ = {isa = PBXBuildFile; fileRef = D03DEFCE27DA45C900AC4A2D /* CenterViewStyle.swift */; };
		D03DEFD127DA482B00AC4A2D /* ForegroundColorStyle.swift in Sources */ = {isa = PBXBuildFile; fileRef = D03DEFD027DA482B00AC4A2D /* ForegroundColorStyle.swift */; };
		D03DEFD327DA4E5400AC4A2D /* ImageFrameStyle.swift in Sources */ = {isa = PBXBuildFile; fileRef = D03DEFD227DA4E5400AC4A2D /* ImageFrameStyle.swift */; };
		D054E3E227DA6BDB00A1E954 /* ChartView.swift in Sources */ = {isa = PBXBuildFile; fileRef = D054E3E127DA6BDB00A1E954 /* ChartView.swift */; };
		D054E3E427DA791F00A1E954 /* CoinPriceView.swift in Sources */ = {isa = PBXBuildFile; fileRef = D054E3E327DA791F00A1E954 /* CoinPriceView.swift */; };
		D05779EB27D8FA36002D4732 /* CreditsView.swift in Sources */ = {isa = PBXBuildFile; fileRef = D05779EA27D8FA36002D4732 /* CreditsView.swift */; };
		D074946D27DB6FBF002CA8C0 /* SettingsView.swift in Sources */ = {isa = PBXBuildFile; fileRef = D074946C27DB6FBF002CA8C0 /* SettingsView.swift */; };
		D0E5AB6027C546AD007B022A /* Tests_iOS.swift in Sources */ = {isa = PBXBuildFile; fileRef = D0E5AB5F27C546AD007B022A /* Tests_iOS.swift */; };
		D0E5AB6227C546AD007B022A /* Tests_iOSLaunchTests.swift in Sources */ = {isa = PBXBuildFile; fileRef = D0E5AB6127C546AD007B022A /* Tests_iOSLaunchTests.swift */; };
		D0E5AB6F27C546AD007B022A /* CryptoCheckerApp.swift in Sources */ = {isa = PBXBuildFile; fileRef = D0E5AB4727C546AA007B022A /* CryptoCheckerApp.swift */; };
		D0E5AB7127C546AD007B022A /* ContentView.swift in Sources */ = {isa = PBXBuildFile; fileRef = D0E5AB4827C546AA007B022A /* ContentView.swift */; };
		D0E5AB7327C546AD007B022A /* Assets.xcassets in Resources */ = {isa = PBXBuildFile; fileRef = D0E5AB4927C546AD007B022A /* Assets.xcassets */; };
		D0E5AB8827C5478B007B022A /* HomeView.swift in Sources */ = {isa = PBXBuildFile; fileRef = D0E5AB8727C5478B007B022A /* HomeView.swift */; };
		D0E5AB8A27C5482E007B022A /* Coin.swift in Sources */ = {isa = PBXBuildFile; fileRef = D0E5AB8927C5482E007B022A /* Coin.swift */; };
		D0E5AB8C27C54911007B022A /* CoinGeckoService.swift in Sources */ = {isa = PBXBuildFile; fileRef = D0E5AB8B27C54911007B022A /* CoinGeckoService.swift */; };
		D0E5AB8E27C54E52007B022A /* SearchListViewModel.swift in Sources */ = {isa = PBXBuildFile; fileRef = D0E5AB8D27C54E52007B022A /* SearchListViewModel.swift */; };
/* End PBXBuildFile section */

/* Begin PBXContainerItemProxy section */
		D0E5AB5C27C546AD007B022A /* PBXContainerItemProxy */ = {
			isa = PBXContainerItemProxy;
			containerPortal = D0E5AB4227C546AA007B022A /* Project object */;
			proxyType = 1;
			remoteGlobalIDString = D0E5AB4D27C546AD007B022A;
			remoteInfo = "CryptoChecker (iOS)";
		};
/* End PBXContainerItemProxy section */

/* Begin PBXFileReference section */
		D00E146927CE48F200DCABB3 /* HomeViewModel.swift */ = {isa = PBXFileReference; lastKnownFileType = sourcecode.swift; path = HomeViewModel.swift; sourceTree = "<group>"; };
		D00E146B27CE493900DCABB3 /* Global.swift */ = {isa = PBXFileReference; lastKnownFileType = sourcecode.swift; path = Global.swift; sourceTree = "<group>"; };
		D00E146D27CE951800DCABB3 /* CoinDetailViewModel.swift */ = {isa = PBXFileReference; lastKnownFileType = sourcecode.swift; path = CoinDetailViewModel.swift; sourceTree = "<group>"; };
		D00E146F27CE9E3300DCABB3 /* CoinMarketData.swift */ = {isa = PBXFileReference; lastKnownFileType = sourcecode.swift; path = CoinMarketData.swift; sourceTree = "<group>"; };
		D01FB5EB27D912B6004300AB /* BackgroundBlob.swift */ = {isa = PBXFileReference; lastKnownFileType = sourcecode.swift; path = BackgroundBlob.swift; sourceTree = "<group>"; };
		D01FB5ED27D92469004300AB /* Currency.swift */ = {isa = PBXFileReference; lastKnownFileType = sourcecode.swift; path = Currency.swift; sourceTree = "<group>"; };
		D01FB5EF27D930BE004300AB /* SettingsViewModel.swift */ = {isa = PBXFileReference; lastKnownFileType = sourcecode.swift; path = SettingsViewModel.swift; sourceTree = "<group>"; };
		D01FB5F227DA2056004300AB /* Helpers.swift */ = {isa = PBXFileReference; lastKnownFileType = sourcecode.swift; path = Helpers.swift; sourceTree = "<group>"; };
		D02BFD9727CD245B00B8558D /* CoinView.swift */ = {isa = PBXFileReference; lastKnownFileType = sourcecode.swift; path = CoinView.swift; sourceTree = "<group>"; };
		D02BFD9927CD264200B8558D /* SearchListView.swift */ = {isa = PBXFileReference; lastKnownFileType = sourcecode.swift; path = SearchListView.swift; sourceTree = "<group>"; };
		D02BFD9B27CD38C200B8558D /* CoinDetailView.swift */ = {isa = PBXFileReference; lastKnownFileType = sourcecode.swift; path = CoinDetailView.swift; sourceTree = "<group>"; };
		D02F069427DF4558000A9623 /* README.md */ = {isa = PBXFileReference; lastKnownFileType = net.daringfireball.markdown; path = README.md; sourceTree = "<group>"; };
		D033B92E27D7AFF80002C4E4 /* ViewExt.swift */ = {isa = PBXFileReference; lastKnownFileType = sourcecode.swift; path = ViewExt.swift; sourceTree = "<group>"; };
		D03DEFCE27DA45C900AC4A2D /* CenterViewStyle.swift */ = {isa = PBXFileReference; lastKnownFileType = sourcecode.swift; path = CenterViewStyle.swift; sourceTree = "<group>"; };
		D03DEFD027DA482B00AC4A2D /* ForegroundColorStyle.swift */ = {isa = PBXFileReference; lastKnownFileType = sourcecode.swift; path = ForegroundColorStyle.swift; sourceTree = "<group>"; };
		D03DEFD227DA4E5400AC4A2D /* ImageFrameStyle.swift */ = {isa = PBXFileReference; lastKnownFileType = sourcecode.swift; path = ImageFrameStyle.swift; sourceTree = "<group>"; };
		D054E3E127DA6BDB00A1E954 /* ChartView.swift */ = {isa = PBXFileReference; lastKnownFileType = sourcecode.swift; path = ChartView.swift; sourceTree = "<group>"; };
		D054E3E327DA791F00A1E954 /* CoinPriceView.swift */ = {isa = PBXFileReference; lastKnownFileType = sourcecode.swift; path = CoinPriceView.swift; sourceTree = "<group>"; };
		D05779EA27D8FA36002D4732 /* CreditsView.swift */ = {isa = PBXFileReference; lastKnownFileType = sourcecode.swift; path = CreditsView.swift; sourceTree = "<group>"; };
		D074946C27DB6FBF002CA8C0 /* SettingsView.swift */ = {isa = PBXFileReference; fileEncoding = 4; lastKnownFileType = sourcecode.swift; path = SettingsView.swift; sourceTree = "<group>"; };
		D0E5AB4727C546AA007B022A /* CryptoCheckerApp.swift */ = {isa = PBXFileReference; lastKnownFileType = sourcecode.swift; path = CryptoCheckerApp.swift; sourceTree = "<group>"; };
		D0E5AB4827C546AA007B022A /* ContentView.swift */ = {isa = PBXFileReference; lastKnownFileType = sourcecode.swift; path = ContentView.swift; sourceTree = "<group>"; };
		D0E5AB4927C546AD007B022A /* Assets.xcassets */ = {isa = PBXFileReference; lastKnownFileType = folder.assetcatalog; path = Assets.xcassets; sourceTree = "<group>"; };
		D0E5AB4E27C546AD007B022A /* CryptoChecker.app */ = {isa = PBXFileReference; explicitFileType = wrapper.application; includeInIndex = 0; path = CryptoChecker.app; sourceTree = BUILT_PRODUCTS_DIR; };
		D0E5AB5B27C546AD007B022A /* Tests iOS.xctest */ = {isa = PBXFileReference; explicitFileType = wrapper.cfbundle; includeInIndex = 0; path = "Tests iOS.xctest"; sourceTree = BUILT_PRODUCTS_DIR; };
		D0E5AB5F27C546AD007B022A /* Tests_iOS.swift */ = {isa = PBXFileReference; lastKnownFileType = sourcecode.swift; path = Tests_iOS.swift; sourceTree = "<group>"; };
		D0E5AB6127C546AD007B022A /* Tests_iOSLaunchTests.swift */ = {isa = PBXFileReference; lastKnownFileType = sourcecode.swift; path = Tests_iOSLaunchTests.swift; sourceTree = "<group>"; };
		D0E5AB8727C5478B007B022A /* HomeView.swift */ = {isa = PBXFileReference; lastKnownFileType = sourcecode.swift; path = HomeView.swift; sourceTree = "<group>"; };
		D0E5AB8927C5482E007B022A /* Coin.swift */ = {isa = PBXFileReference; lastKnownFileType = sourcecode.swift; path = Coin.swift; sourceTree = "<group>"; };
		D0E5AB8B27C54911007B022A /* CoinGeckoService.swift */ = {isa = PBXFileReference; lastKnownFileType = sourcecode.swift; path = CoinGeckoService.swift; sourceTree = "<group>"; };
		D0E5AB8D27C54E52007B022A /* SearchListViewModel.swift */ = {isa = PBXFileReference; lastKnownFileType = sourcecode.swift; path = SearchListViewModel.swift; sourceTree = "<group>"; };
/* End PBXFileReference section */

/* Begin PBXFrameworksBuildPhase section */
		D0E5AB4B27C546AD007B022A /* Frameworks */ = {
			isa = PBXFrameworksBuildPhase;
			buildActionMask = 2147483647;
			files = (
			);
			runOnlyForDeploymentPostprocessing = 0;
		};
		D0E5AB5827C546AD007B022A /* Frameworks */ = {
			isa = PBXFrameworksBuildPhase;
			buildActionMask = 2147483647;
			files = (
			);
			runOnlyForDeploymentPostprocessing = 0;
		};
/* End PBXFrameworksBuildPhase section */

/* Begin PBXGroup section */
		D01FB5F127DA2017004300AB /* Helpers */ = {
			isa = PBXGroup;
			children = (
				D01FB5F227DA2056004300AB /* Helpers.swift */,
			);
			path = Helpers;
			sourceTree = "<group>";
		};
		D033B92D27D7AFE00002C4E4 /* Extensions */ = {
			isa = PBXGroup;
			children = (
				D033B92E27D7AFF80002C4E4 /* ViewExt.swift */,
			);
			path = Extensions;
			sourceTree = "<group>";
		};
		D03DEFCD27DA45A400AC4A2D /* Styles */ = {
			isa = PBXGroup;
			children = (
				D03DEFCE27DA45C900AC4A2D /* CenterViewStyle.swift */,
				D03DEFD027DA482B00AC4A2D /* ForegroundColorStyle.swift */,
				D03DEFD227DA4E5400AC4A2D /* ImageFrameStyle.swift */,
			);
			path = Styles;
			sourceTree = "<group>";
		};
		D0E5AB4127C546AA007B022A = {
			isa = PBXGroup;
			children = (
				D02F069427DF4558000A9623 /* README.md */,
				D033B92D27D7AFE00002C4E4 /* Extensions */,
				D0E5AB8327C5472C007B022A /* Models */,
				D0E5AB8427C54738007B022A /* Services */,
				D03DEFCD27DA45A400AC4A2D /* Styles */,
				D0E5AB8527C5473F007B022A /* Views */,
				D0E5AB8627C5474B007B022A /* ViewModels */,
				D0E5AB4727C546AA007B022A /* CryptoCheckerApp.swift */,
				D01FB5F127DA2017004300AB /* Helpers */,
				D0E5AB4927C546AD007B022A /* Assets.xcassets */,
				D0E5AB5E27C546AD007B022A /* Tests iOS */,
				D0E5AB4F27C546AD007B022A /* Products */,
			);
			sourceTree = "<group>";
		};
		D0E5AB4F27C546AD007B022A /* Products */ = {
			isa = PBXGroup;
			children = (
				D0E5AB4E27C546AD007B022A /* CryptoChecker.app */,
				D0E5AB5B27C546AD007B022A /* Tests iOS.xctest */,
			);
			name = Products;
			sourceTree = "<group>";
		};
		D0E5AB5E27C546AD007B022A /* Tests iOS */ = {
			isa = PBXGroup;
			children = (
				D0E5AB5F27C546AD007B022A /* Tests_iOS.swift */,
				D0E5AB6127C546AD007B022A /* Tests_iOSLaunchTests.swift */,
			);
			path = "Tests iOS";
			sourceTree = "<group>";
		};
		D0E5AB8327C5472C007B022A /* Models */ = {
			isa = PBXGroup;
			children = (
				D0E5AB8927C5482E007B022A /* Coin.swift */,
				D00E146F27CE9E3300DCABB3 /* CoinMarketData.swift */,
				D01FB5ED27D92469004300AB /* Currency.swift */,
				D00E146B27CE493900DCABB3 /* Global.swift */,
			);
			path = Models;
			sourceTree = "<group>";
		};
		D0E5AB8427C54738007B022A /* Services */ = {
			isa = PBXGroup;
			children = (
				D0E5AB8B27C54911007B022A /* CoinGeckoService.swift */,
			);
			path = Services;
			sourceTree = "<group>";
		};
		D0E5AB8527C5473F007B022A /* Views */ = {
			isa = PBXGroup;
			children = (
				D074946C27DB6FBF002CA8C0 /* SettingsView.swift */,
				D01FB5EB27D912B6004300AB /* BackgroundBlob.swift */,
				D054E3E127DA6BDB00A1E954 /* ChartView.swift */,
				D02BFD9B27CD38C200B8558D /* CoinDetailView.swift */,
				D054E3E327DA791F00A1E954 /* CoinPriceView.swift */,
				D02BFD9727CD245B00B8558D /* CoinView.swift */,
				D0E5AB4827C546AA007B022A /* ContentView.swift */,
				D05779EA27D8FA36002D4732 /* CreditsView.swift */,
				D0E5AB8727C5478B007B022A /* HomeView.swift */,
				D02BFD9927CD264200B8558D /* SearchListView.swift */,
			);
			path = Views;
			sourceTree = "<group>";
		};
		D0E5AB8627C5474B007B022A /* ViewModels */ = {
			isa = PBXGroup;
			children = (
				D00E146D27CE951800DCABB3 /* CoinDetailViewModel.swift */,
				D00E146927CE48F200DCABB3 /* HomeViewModel.swift */,
				D0E5AB8D27C54E52007B022A /* SearchListViewModel.swift */,
				D01FB5EF27D930BE004300AB /* SettingsViewModel.swift */,
			);
			path = ViewModels;
			sourceTree = "<group>";
		};
/* End PBXGroup section */

/* Begin PBXNativeTarget section */
		D0E5AB4D27C546AD007B022A /* CryptoChecker (iOS) */ = {
			isa = PBXNativeTarget;
			buildConfigurationList = D0E5AB7727C546AD007B022A /* Build configuration list for PBXNativeTarget "CryptoChecker (iOS)" */;
			buildPhases = (
				D0E5AB4A27C546AD007B022A /* Sources */,
				D074946B27DB696D002CA8C0 /* Run SwiftLint */,
				D0E5AB4B27C546AD007B022A /* Frameworks */,
				D0E5AB4C27C546AD007B022A /* Resources */,
			);
			buildRules = (
			);
			dependencies = (
			);
			name = "CryptoChecker (iOS)";
			productName = "CryptoChecker (iOS)";
			productReference = D0E5AB4E27C546AD007B022A /* CryptoChecker.app */;
			productType = "com.apple.product-type.application";
		};
		D0E5AB5A27C546AD007B022A /* Tests iOS */ = {
			isa = PBXNativeTarget;
			buildConfigurationList = D0E5AB7D27C546AD007B022A /* Build configuration list for PBXNativeTarget "Tests iOS" */;
			buildPhases = (
				D0E5AB5727C546AD007B022A /* Sources */,
				D0E5AB5827C546AD007B022A /* Frameworks */,
				D0E5AB5927C546AD007B022A /* Resources */,
			);
			buildRules = (
			);
			dependencies = (
				D0E5AB5D27C546AD007B022A /* PBXTargetDependency */,
			);
			name = "Tests iOS";
			productName = "Tests iOS";
			productReference = D0E5AB5B27C546AD007B022A /* Tests iOS.xctest */;
			productType = "com.apple.product-type.bundle.ui-testing";
		};
/* End PBXNativeTarget section */

/* Begin PBXProject section */
		D0E5AB4227C546AA007B022A /* Project object */ = {
			isa = PBXProject;
			attributes = {
				BuildIndependentTargetsInParallel = 1;
				LastSwiftUpdateCheck = 1320;
				LastUpgradeCheck = 1320;
				TargetAttributes = {
					D0E5AB4D27C546AD007B022A = {
						CreatedOnToolsVersion = 13.2.1;
					};
					D0E5AB5A27C546AD007B022A = {
						CreatedOnToolsVersion = 13.2.1;
						TestTargetID = D0E5AB4D27C546AD007B022A;
					};
				};
			};
			buildConfigurationList = D0E5AB4527C546AA007B022A /* Build configuration list for PBXProject "CryptoChecker" */;
			compatibilityVersion = "Xcode 13.0";
			developmentRegion = en;
			hasScannedForEncodings = 0;
			knownRegions = (
				en,
				Base,
			);
			mainGroup = D0E5AB4127C546AA007B022A;
			productRefGroup = D0E5AB4F27C546AD007B022A /* Products */;
			projectDirPath = "";
			projectRoot = "";
			targets = (
				D0E5AB4D27C546AD007B022A /* CryptoChecker (iOS) */,
				D0E5AB5A27C546AD007B022A /* Tests iOS */,
			);
		};
/* End PBXProject section */

/* Begin PBXResourcesBuildPhase section */
		D0E5AB4C27C546AD007B022A /* Resources */ = {
			isa = PBXResourcesBuildPhase;
			buildActionMask = 2147483647;
			files = (
				D0E5AB7327C546AD007B022A /* Assets.xcassets in Resources */,
			);
			runOnlyForDeploymentPostprocessing = 0;
		};
		D0E5AB5927C546AD007B022A /* Resources */ = {
			isa = PBXResourcesBuildPhase;
			buildActionMask = 2147483647;
			files = (
			);
			runOnlyForDeploymentPostprocessing = 0;
		};
/* End PBXResourcesBuildPhase section */

/* Begin PBXShellScriptBuildPhase section */
		D074946B27DB696D002CA8C0 /* Run SwiftLint */ = {
			isa = PBXShellScriptBuildPhase;
			buildActionMask = 2147483647;
			files = (
			);
			inputFileListPaths = (
			);
			inputPaths = (
			);
			name = "Run SwiftLint";
			outputFileListPaths = (
			);
			outputPaths = (
			);
			runOnlyForDeploymentPostprocessing = 0;
			shellPath = /bin/sh;
			shellScript = "export PATH=\"$PATH:/opt/homebrew/bin\"\n\nif which swiftlint >/dev/null; then\n  swiftlint\nelse\n  echo \"warning: SwiftLint not installed, download from https://github.com/realm/SwiftLint\"\nfi\n";
		};
/* End PBXShellScriptBuildPhase section */

/* Begin PBXSourcesBuildPhase section */
		D0E5AB4A27C546AD007B022A /* Sources */ = {
			isa = PBXSourcesBuildPhase;
			buildActionMask = 2147483647;
			files = (
				D01FB5EE27D92469004300AB /* Currency.swift in Sources */,
				D00E146E27CE951800DCABB3 /* CoinDetailViewModel.swift in Sources */,
				D0E5AB8827C5478B007B022A /* HomeView.swift in Sources */,
				D01FB5F327DA2056004300AB /* Helpers.swift in Sources */,
				D0E5AB8E27C54E52007B022A /* SearchListViewModel.swift in Sources */,
				D05779EB27D8FA36002D4732 /* CreditsView.swift in Sources */,
				D03DEFD127DA482B00AC4A2D /* ForegroundColorStyle.swift in Sources */,
				D01FB5F027D930BE004300AB /* SettingsViewModel.swift in Sources */,
				D01FB5EC27D912B6004300AB /* BackgroundBlob.swift in Sources */,
				D054E3E427DA791F00A1E954 /* CoinPriceView.swift in Sources */,
				D02BFD9827CD245B00B8558D /* CoinView.swift in Sources */,
				D00E146A27CE48F200DCABB3 /* HomeViewModel.swift in Sources */,
				D0E5AB7127C546AD007B022A /* ContentView.swift in Sources */,
				D02BFD9A27CD264200B8558D /* SearchListView.swift in Sources */,
				D00E146C27CE493900DCABB3 /* Global.swift in Sources */,
				D03DEFCF27DA45C900AC4A2D /* CenterViewStyle.swift in Sources */,
				D02BFD9C27CD38C200B8558D /* CoinDetailView.swift in Sources */,
				D0E5AB8C27C54911007B022A /* CoinGeckoService.swift in Sources */,
				D0E5AB8A27C5482E007B022A /* Coin.swift in Sources */,
				D00E147027CE9E3300DCABB3 /* CoinMarketData.swift in Sources */,
				D0E5AB6F27C546AD007B022A /* CryptoCheckerApp.swift in Sources */,
				D033B92F27D7AFF80002C4E4 /* ViewExt.swift in Sources */,
				D054E3E227DA6BDB00A1E954 /* ChartView.swift in Sources */,
				D03DEFD327DA4E5400AC4A2D /* ImageFrameStyle.swift in Sources */,
				D074946D27DB6FBF002CA8C0 /* SettingsView.swift in Sources */,
			);
			runOnlyForDeploymentPostprocessing = 0;
		};
		D0E5AB5727C546AD007B022A /* Sources */ = {
			isa = PBXSourcesBuildPhase;
			buildActionMask = 2147483647;
			files = (
				D0E5AB6227C546AD007B022A /* Tests_iOSLaunchTests.swift in Sources */,
				D0E5AB6027C546AD007B022A /* Tests_iOS.swift in Sources */,
			);
			runOnlyForDeploymentPostprocessing = 0;
		};
/* End PBXSourcesBuildPhase section */

/* Begin PBXTargetDependency section */
		D0E5AB5D27C546AD007B022A /* PBXTargetDependency */ = {
			isa = PBXTargetDependency;
			target = D0E5AB4D27C546AD007B022A /* CryptoChecker (iOS) */;
			targetProxy = D0E5AB5C27C546AD007B022A /* PBXContainerItemProxy */;
		};
/* End PBXTargetDependency section */

/* Begin XCBuildConfiguration section */
		D0E5AB7527C546AD007B022A /* Debug */ = {
			isa = XCBuildConfiguration;
			buildSettings = {
				ALWAYS_SEARCH_USER_PATHS = NO;
				CLANG_ANALYZER_NONNULL = YES;
				CLANG_ANALYZER_NUMBER_OBJECT_CONVERSION = YES_AGGRESSIVE;
				CLANG_CXX_LANGUAGE_STANDARD = "gnu++17";
				CLANG_CXX_LIBRARY = "libc++";
				CLANG_ENABLE_MODULES = YES;
				CLANG_ENABLE_OBJC_ARC = YES;
				CLANG_ENABLE_OBJC_WEAK = YES;
				CLANG_WARN_BLOCK_CAPTURE_AUTORELEASING = YES;
				CLANG_WARN_BOOL_CONVERSION = YES;
				CLANG_WARN_COMMA = YES;
				CLANG_WARN_CONSTANT_CONVERSION = YES;
				CLANG_WARN_DEPRECATED_OBJC_IMPLEMENTATIONS = YES;
				CLANG_WARN_DIRECT_OBJC_ISA_USAGE = YES_ERROR;
				CLANG_WARN_DOCUMENTATION_COMMENTS = YES;
				CLANG_WARN_EMPTY_BODY = YES;
				CLANG_WARN_ENUM_CONVERSION = YES;
				CLANG_WARN_INFINITE_RECURSION = YES;
				CLANG_WARN_INT_CONVERSION = YES;
				CLANG_WARN_NON_LITERAL_NULL_CONVERSION = YES;
				CLANG_WARN_OBJC_IMPLICIT_RETAIN_SELF = YES;
				CLANG_WARN_OBJC_LITERAL_CONVERSION = YES;
				CLANG_WARN_OBJC_ROOT_CLASS = YES_ERROR;
				CLANG_WARN_QUOTED_INCLUDE_IN_FRAMEWORK_HEADER = YES;
				CLANG_WARN_RANGE_LOOP_ANALYSIS = YES;
				CLANG_WARN_STRICT_PROTOTYPES = YES;
				CLANG_WARN_SUSPICIOUS_MOVE = YES;
				CLANG_WARN_UNGUARDED_AVAILABILITY = YES_AGGRESSIVE;
				CLANG_WARN_UNREACHABLE_CODE = YES;
				CLANG_WARN__DUPLICATE_METHOD_MATCH = YES;
				COPY_PHASE_STRIP = NO;
				DEBUG_INFORMATION_FORMAT = dwarf;
				ENABLE_STRICT_OBJC_MSGSEND = YES;
				ENABLE_TESTABILITY = YES;
				GCC_C_LANGUAGE_STANDARD = gnu11;
				GCC_DYNAMIC_NO_PIC = NO;
				GCC_NO_COMMON_BLOCKS = YES;
				GCC_OPTIMIZATION_LEVEL = 0;
				GCC_PREPROCESSOR_DEFINITIONS = (
					"DEBUG=1",
					"$(inherited)",
				);
				GCC_WARN_64_TO_32_BIT_CONVERSION = YES;
				GCC_WARN_ABOUT_RETURN_TYPE = YES_ERROR;
				GCC_WARN_UNDECLARED_SELECTOR = YES;
				GCC_WARN_UNINITIALIZED_AUTOS = YES_AGGRESSIVE;
				GCC_WARN_UNUSED_FUNCTION = YES;
				GCC_WARN_UNUSED_VARIABLE = YES;
				IPHONEOS_DEPLOYMENT_TARGET = 15.2;
				MTL_ENABLE_DEBUG_INFO = INCLUDE_SOURCE;
				MTL_FAST_MATH = YES;
				ONLY_ACTIVE_ARCH = YES;
				SWIFT_ACTIVE_COMPILATION_CONDITIONS = DEBUG;
				SWIFT_OPTIMIZATION_LEVEL = "-Onone";
			};
			name = Debug;
		};
		D0E5AB7627C546AD007B022A /* Release */ = {
			isa = XCBuildConfiguration;
			buildSettings = {
				ALWAYS_SEARCH_USER_PATHS = NO;
				CLANG_ANALYZER_NONNULL = YES;
				CLANG_ANALYZER_NUMBER_OBJECT_CONVERSION = YES_AGGRESSIVE;
				CLANG_CXX_LANGUAGE_STANDARD = "gnu++17";
				CLANG_CXX_LIBRARY = "libc++";
				CLANG_ENABLE_MODULES = YES;
				CLANG_ENABLE_OBJC_ARC = YES;
				CLANG_ENABLE_OBJC_WEAK = YES;
				CLANG_WARN_BLOCK_CAPTURE_AUTORELEASING = YES;
				CLANG_WARN_BOOL_CONVERSION = YES;
				CLANG_WARN_COMMA = YES;
				CLANG_WARN_CONSTANT_CONVERSION = YES;
				CLANG_WARN_DEPRECATED_OBJC_IMPLEMENTATIONS = YES;
				CLANG_WARN_DIRECT_OBJC_ISA_USAGE = YES_ERROR;
				CLANG_WARN_DOCUMENTATION_COMMENTS = YES;
				CLANG_WARN_EMPTY_BODY = YES;
				CLANG_WARN_ENUM_CONVERSION = YES;
				CLANG_WARN_INFINITE_RECURSION = YES;
				CLANG_WARN_INT_CONVERSION = YES;
				CLANG_WARN_NON_LITERAL_NULL_CONVERSION = YES;
				CLANG_WARN_OBJC_IMPLICIT_RETAIN_SELF = YES;
				CLANG_WARN_OBJC_LITERAL_CONVERSION = YES;
				CLANG_WARN_OBJC_ROOT_CLASS = YES_ERROR;
				CLANG_WARN_QUOTED_INCLUDE_IN_FRAMEWORK_HEADER = YES;
				CLANG_WARN_RANGE_LOOP_ANALYSIS = YES;
				CLANG_WARN_STRICT_PROTOTYPES = YES;
				CLANG_WARN_SUSPICIOUS_MOVE = YES;
				CLANG_WARN_UNGUARDED_AVAILABILITY = YES_AGGRESSIVE;
				CLANG_WARN_UNREACHABLE_CODE = YES;
				CLANG_WARN__DUPLICATE_METHOD_MATCH = YES;
				COPY_PHASE_STRIP = NO;
				DEBUG_INFORMATION_FORMAT = "dwarf-with-dsym";
				ENABLE_NS_ASSERTIONS = NO;
				ENABLE_STRICT_OBJC_MSGSEND = YES;
				GCC_C_LANGUAGE_STANDARD = gnu11;
				GCC_NO_COMMON_BLOCKS = YES;
				GCC_WARN_64_TO_32_BIT_CONVERSION = YES;
				GCC_WARN_ABOUT_RETURN_TYPE = YES_ERROR;
				GCC_WARN_UNDECLARED_SELECTOR = YES;
				GCC_WARN_UNINITIALIZED_AUTOS = YES_AGGRESSIVE;
				GCC_WARN_UNUSED_FUNCTION = YES;
				GCC_WARN_UNUSED_VARIABLE = YES;
				IPHONEOS_DEPLOYMENT_TARGET = 15.2;
				MTL_ENABLE_DEBUG_INFO = NO;
				MTL_FAST_MATH = YES;
				ONLY_ACTIVE_ARCH = YES;
				SWIFT_COMPILATION_MODE = wholemodule;
				SWIFT_OPTIMIZATION_LEVEL = "-O";
			};
			name = Release;
		};
		D0E5AB7827C546AD007B022A /* Debug */ = {
			isa = XCBuildConfiguration;
			buildSettings = {
				ASSETCATALOG_COMPILER_APPICON_NAME = AppIcon;
				ASSETCATALOG_COMPILER_GLOBAL_ACCENT_COLOR_NAME = AccentColor;
				CODE_SIGN_STYLE = Automatic;
				CURRENT_PROJECT_VERSION = 1;
				ENABLE_PREVIEWS = YES;
				GENERATE_INFOPLIST_FILE = YES;
				INFOPLIST_KEY_UIApplicationSceneManifest_Generation = YES;
				INFOPLIST_KEY_UIApplicationSupportsIndirectInputEvents = YES;
				INFOPLIST_KEY_UILaunchScreen_Generation = YES;
				INFOPLIST_KEY_UISupportedInterfaceOrientations = UIInterfaceOrientationPortrait;
				INFOPLIST_KEY_UISupportedInterfaceOrientations_iPad = "UIInterfaceOrientationPortrait UIInterfaceOrientationPortraitUpsideDown UIInterfaceOrientationLandscapeLeft UIInterfaceOrientationLandscapeRight";
				INFOPLIST_KEY_UISupportedInterfaceOrientations_iPhone = UIInterfaceOrientationPortrait;
				IPHONEOS_DEPLOYMENT_TARGET = 15.2;
				LD_RUNPATH_SEARCH_PATHS = (
					"$(inherited)",
					"@executable_path/Frameworks",
				);
				MARKETING_VERSION = 1.0;
				PRODUCT_BUNDLE_IDENTIFIER = com.yes2011.CryptoChecker;
				PRODUCT_NAME = CryptoChecker;
				SDKROOT = iphoneos;
				SWIFT_EMIT_LOC_STRINGS = YES;
				SWIFT_VERSION = 5.0;
				TARGETED_DEVICE_FAMILY = 1;
			};
			name = Debug;
		};
		D0E5AB7927C546AD007B022A /* Release */ = {
			isa = XCBuildConfiguration;
			buildSettings = {
				ASSETCATALOG_COMPILER_APPICON_NAME = AppIcon;
				ASSETCATALOG_COMPILER_GLOBAL_ACCENT_COLOR_NAME = AccentColor;
				CODE_SIGN_STYLE = Automatic;
				CURRENT_PROJECT_VERSION = 1;
				ENABLE_PREVIEWS = YES;
				GENERATE_INFOPLIST_FILE = YES;
				INFOPLIST_KEY_UIApplicationSceneManifest_Generation = YES;
				INFOPLIST_KEY_UIApplicationSupportsIndirectInputEvents = YES;
				INFOPLIST_KEY_UILaunchScreen_Generation = YES;
				INFOPLIST_KEY_UISupportedInterfaceOrientations = UIInterfaceOrientationPortrait;
				INFOPLIST_KEY_UISupportedInterfaceOrientations_iPad = "UIInterfaceOrientationPortrait UIInterfaceOrientationPortraitUpsideDown UIInterfaceOrientationLandscapeLeft UIInterfaceOrientationLandscapeRight";
				INFOPLIST_KEY_UISupportedInterfaceOrientations_iPhone = UIInterfaceOrientationPortrait;
				IPHONEOS_DEPLOYMENT_TARGET = 15.2;
				LD_RUNPATH_SEARCH_PATHS = (
					"$(inherited)",
					"@executable_path/Frameworks",
				);
				MARKETING_VERSION = 1.0;
				PRODUCT_BUNDLE_IDENTIFIER = com.yes2011.CryptoChecker;
				PRODUCT_NAME = CryptoChecker;
				SDKROOT = iphoneos;
				SWIFT_EMIT_LOC_STRINGS = YES;
				SWIFT_VERSION = 5.0;
				TARGETED_DEVICE_FAMILY = 1;
				VALIDATE_PRODUCT = YES;
			};
			name = Release;
		};
		D0E5AB7E27C546AD007B022A /* Debug */ = {
			isa = XCBuildConfiguration;
			buildSettings = {
				ALWAYS_EMBED_SWIFT_STANDARD_LIBRARIES = YES;
				CODE_SIGN_STYLE = Automatic;
				CURRENT_PROJECT_VERSION = 1;
				GENERATE_INFOPLIST_FILE = YES;
				IPHONEOS_DEPLOYMENT_TARGET = 15.2;
				MARKETING_VERSION = 1.0;
				PRODUCT_BUNDLE_IDENTIFIER = "com.yes2011.Tests-iOS";
				PRODUCT_NAME = "$(TARGET_NAME)";
				SDKROOT = iphoneos;
				SWIFT_EMIT_LOC_STRINGS = NO;
				SWIFT_VERSION = 5.0;
				TARGETED_DEVICE_FAMILY = "1,2";
				TEST_TARGET_NAME = "CryptoChecker (iOS)";
			};
			name = Debug;
		};
		D0E5AB7F27C546AD007B022A /* Release */ = {
			isa = XCBuildConfiguration;
			buildSettings = {
				ALWAYS_EMBED_SWIFT_STANDARD_LIBRARIES = YES;
				CODE_SIGN_STYLE = Automatic;
				CURRENT_PROJECT_VERSION = 1;
				GENERATE_INFOPLIST_FILE = YES;
				IPHONEOS_DEPLOYMENT_TARGET = 15.2;
				MARKETING_VERSION = 1.0;
				PRODUCT_BUNDLE_IDENTIFIER = "com.yes2011.Tests-iOS";
				PRODUCT_NAME = "$(TARGET_NAME)";
				SDKROOT = iphoneos;
				SWIFT_EMIT_LOC_STRINGS = NO;
				SWIFT_VERSION = 5.0;
				TARGETED_DEVICE_FAMILY = "1,2";
				TEST_TARGET_NAME = "CryptoChecker (iOS)";
				VALIDATE_PRODUCT = YES;
			};
			name = Release;
		};
/* End XCBuildConfiguration section */

/* Begin XCConfigurationList section */
		D0E5AB4527C546AA007B022A /* Build configuration list for PBXProject "CryptoChecker" */ = {
			isa = XCConfigurationList;
			buildConfigurations = (
				D0E5AB7527C546AD007B022A /* Debug */,
				D0E5AB7627C546AD007B022A /* Release */,
			);
			defaultConfigurationIsVisible = 0;
			defaultConfigurationName = Release;
		};
		D0E5AB7727C546AD007B022A /* Build configuration list for PBXNativeTarget "CryptoChecker (iOS)" */ = {
			isa = XCConfigurationList;
			buildConfigurations = (
				D0E5AB7827C546AD007B022A /* Debug */,
				D0E5AB7927C546AD007B022A /* Release */,
			);
			defaultConfigurationIsVisible = 0;
			defaultConfigurationName = Release;
		};
		D0E5AB7D27C546AD007B022A /* Build configuration list for PBXNativeTarget "Tests iOS" */ = {
			isa = XCConfigurationList;
			buildConfigurations = (
				D0E5AB7E27C546AD007B022A /* Debug */,
				D0E5AB7F27C546AD007B022A /* Release */,
			);
			defaultConfigurationIsVisible = 0;
			defaultConfigurationName = Release;
		};
/* End XCConfigurationList section */
	};
	rootObject = D0E5AB4227C546AA007B022A /* Project object */;
}
